{
  "nodes": {
    "multiverse": {
      "locked": {
        "lastModified": 1790814271,
        "narHash": "sha256-HuZmcjTgB0xyYwpdDejrUEeD9x8DhUfSpnyeXbncZaQ=",
        "owner": "fzakaria",
        "repo": "nixpkgs-multiverse",
        "rev": "756d93dc6b266f3816b1f86e7b8ee835b5a980ea",
        "type": "github"
      },
      "original": {
        "owner": "fzakaria",
        "repo": "nixpkgs-multiverse",
        "type": "github"
      }
    },
    "nixpkgs": {
      "locked": {
        "lastModified": 1790822859,
        "narHash": "sha256-69xHQhAeMAD2wDXO7T2pcOZIF9Sga2W+JkmY2a11Ops=",
        "owner": "nixos",
        "repo": "nixpkgs",
        "rev": "c59305bab2065cfecc4944690d9eedbb56f3a9fa",
        "type": "github"
      },
      "original": {
        "owner": "nixos",
        "ref": "nixos-unstable",
        "repo": "nixpkgs",
        "type": "github"
      }
    },
    "root": {
      "inputs": {
        "multiverse": "multiverse",
        "nixpkgs": "nixpkgs"
      }
    }
  },
  "root": "root",
  "version": 7
}
