{
  "nodes": {
    "dotfiles": {
      "flake": false,
      "locked": {
        "lastModified": 1644887033,
        "narHash": "sha256-lS5cu2VrRDnpk1kSNIS1wumXXVxHy0V2DTYRIljQKi0=",
        "owner": "alexisquintero",
        "repo": "dotfiles",
        "rev": "b4c7d28f5d00bca908dec064ccefefbe81259a5a",
        "type": "github"
      },
      "original": {
        "owner": "alexisquintero",
        "repo": "dotfiles",
        "type": "github"
      }
    },
    "home-manager": {
      "inputs": {
        "nixpkgs": "nixpkgs"
      },
      "locked": {
        "lastModified": 1644706973,
        "narHash": "sha256-xOyxrhc5V79u0ZNmnPmJbY3ngtp43dNISEmrb8Ie6wQ=",
        "owner": "nix-community",
        "repo": "home-manager",
        "rev": "7c2ae0bdd20ddcaafe41ef669226a1df67f8aa06",
        "type": "github"
      },
      "original": {
        "owner": "nix-community",
        "repo": "home-manager",
        "type": "github"
      }
    },
    "nixos-hardware": {
      "locked": {
        "lastModified": 1644870092,
        "narHash": "sha256-RLPD92lqXW98LDIbbwYqwAbt3R4iD1V1PiylfgBq5cU=",
        "owner": "nixos",
        "repo": "nixos-hardware",
        "rev": "10eab1c4cd8e715c0b41d32c28af2b89fc67bed0",
        "type": "github"
      },
      "original": {
        "owner": "nixos",
        "repo": "nixos-hardware",
        "type": "github"
      }
    },
    "nixpkgs": {
      "locked": {
        "lastModified": 1644486793,
        "narHash": "sha256-EeijR4guVHgVv+JpOX3cQO+1XdrkJfGmiJ9XVsVU530=",
        "owner": "NixOS",
        "repo": "nixpkgs",
        "rev": "1882c6b7368fd284ad01b0a5b5601ef136321292",
        "type": "github"
      },
      "original": {
        "id": "nixpkgs",
        "type": "indirect"
      }
    },
    "nixpkgs_2": {
      "locked": {
        "lastModified": 1644525281,
        "narHash": "sha256-D3VuWLdnLmAXIkooWAtbTGSQI9Fc1lkvAr94wTxhnTU=",
        "owner": "nixos",
        "repo": "nixpkgs",
        "rev": "48d63e924a2666baf37f4f14a18f19347fbd54a2",
        "type": "github"
      },
      "original": {
        "owner": "nixos",
        "ref": "nixos-unstable",
        "repo": "nixpkgs",
        "type": "github"
      }
    },
    "root": {
      "inputs": {
        "dotfiles": "dotfiles",
        "home-manager": "home-manager",
        "nixos-hardware": "nixos-hardware",
        "nixpkgs": "nixpkgs_2",
        "vim-config": "vim-config"
      }
    },
    "vim-config": {
      "flake": false,
      "locked": {
        "lastModified": 1644860472,
        "narHash": "sha256-A8Fq4PsOZissrdqdmtTQI7cOQ2+RaZnAEUaGnlc9r64=",
        "owner": "alexisquintero",
        "repo": ".vim",
        "rev": "2b371a1fbc92c11015a0fc059fc2e1ec9d488fbf",
        "type": "github"
      },
      "original": {
        "owner": "alexisquintero",
        "repo": ".vim",
        "type": "github"
      }
    }
  },
  "root": "root",
  "version": 7
}
