{
  "nodes": {
    "dotfiles": {
      "flake": false,
      "locked": {
        "lastModified": 1633872809,
        "narHash": "sha256-BT0FUXEMJwv3DBF6yq7VvJgtfNPr0XMomEJ8f+/cWCw=",
        "owner": "alexisquintero",
        "repo": "dotfiles",
        "rev": "ad7ba16ce9bf235e9c16b450863a5082edf98144",
        "type": "github"
      },
      "original": {
        "owner": "alexisquintero",
        "repo": "dotfiles",
        "type": "github"
      }
    },
    "home-manager": {
      "inputs": {
        "nixpkgs": "nixpkgs"
      },
      "locked": {
        "lastModified": 1634230035,
        "narHash": "sha256-tS0dyWxVgb79Jk8elMthWv/oycj/Q4HHDoNL5V43kz8=",
        "owner": "nix-community",
        "repo": "home-manager",
        "rev": "309808afbc2a07e340067f66029a4202b4c4b959",
        "type": "github"
      },
      "original": {
        "owner": "nix-community",
        "repo": "home-manager",
        "type": "github"
      }
    },
    "nixpkgs": {
      "locked": {
        "lastModified": 1634346445,
        "narHash": "sha256-DOlvCaotECs4uM7Sg0m/gkFsdWSOd1/o6KffK64ArKM=",
        "owner": "NixOS",
        "repo": "nixpkgs",
        "rev": "785cd037fceebed6789b6fb009836365a6d6ad9e",
        "type": "github"
      },
      "original": {
        "id": "nixpkgs",
        "type": "indirect"
      }
    },
    "nixpkgs_2": {
      "locked": {
        "lastModified": 1634172192,
        "narHash": "sha256-FBF4U/T+bMg4sEyT/zkgasvVquGzgdAf4y8uCosKMmo=",
        "owner": "nixos",
        "repo": "nixpkgs",
        "rev": "2cf9db0e3d45b9d00f16f2836cb1297bcadc475e",
        "type": "github"
      },
      "original": {
        "owner": "nixos",
        "ref": "nixos-unstable",
        "repo": "nixpkgs",
        "type": "github"
      }
    },
    "root": {
      "inputs": {
        "dotfiles": "dotfiles",
        "home-manager": "home-manager",
        "nixpkgs": "nixpkgs_2",
        "vim-config": "vim-config"
      }
    },
    "vim-config": {
      "flake": false,
      "locked": {
        "lastModified": 1634216328,
        "narHash": "sha256-KpABvBQgrPHkvvJoPy+2JyJjq83abjRlGRKDvsaIbfU=",
        "owner": "alexisquintero",
        "repo": ".vim",
        "rev": "3a7eeced5275a6f57b7813e232388c971a793f50",
        "type": "github"
      },
      "original": {
        "owner": "alexisquintero",
        "repo": ".vim",
        "type": "github"
      }
    }
  },
  "root": "root",
  "version": 7
}
